
Microsoft Visual Studio Solution File, Format Version 12.00
# Visual Studio Version 17
VisualStudioVersion = 17.4.32804.182
MinimumVisualStudioVersion = 10.0.40219.1
Project("{FAE04EC0-301F-11D3-BF4B-00C04F79EFBC}") = "FACL Locker Room API", "FACL Locker Room API.csproj", "{788F8DFA-36AF-4F95-A669-13439186EE04}"
EndProject
Global
	GlobalSection(SolutionConfigurationPlatforms) = preSolution
		Debug|Any CPU = Debug|Any CPU
		Release|Any CPU = Release|Any CPU
	EndGlobalSection
	GlobalSection(ProjectConfigurationPlatforms) = postSolution
		{788F8DFA-36AF-4F95-A669-13439186EE04}.Debug|Any CPU.ActiveCfg = Debug|Any CPU
		{788F8DFA-36AF-4F95-A669-13439186EE04}.Debug|Any CPU.Build.0 = Debug|Any CPU
		{788F8DFA-36AF-4F95-A669-13439186EE04}.Release|Any CPU.ActiveCfg = Release|Any CPU
		{788F8DFA-36AF-4F95-A669-13439186EE04}.Release|Any CPU.Build.0 = Release|Any CPU
	EndGlobalSection
	GlobalSection(SolutionProperties) = preSolution
		HideSolutionNode = FALSE
	EndGlobalSection
	GlobalSection(ExtensibilityGlobals) = postSolution
		SolutionGuid = {003BB9F4-2502-4886-8CC9-1D163BCD8D71}
	EndGlobalSection
EndGlobal
